<?xml version="1.0" encoding="utf-8"?>
<Project ToolsVersion="4.0" xmlns="http://schemas.microsoft.com/developer/msbuild/2003">
  <ItemGroup>
    <Filter Include="Source Files">
      <UniqueIdentifier>{4FC737F1-C7A5-4376-A066-2A32D752A2FF}</UniqueIdentifier>
      <Extensions>cpp;cxx;c;def</Extensions>
    </Filter>
    <Filter Include="Header Files">
      <UniqueIdentifier>{93995380-89BD-4b04-88EB-625FBE52EBFB}</UniqueIdentifier>
      <Extensions>h</Extensions>
    </Filter>
    <Filter Include="Form Files">
      <UniqueIdentifier>{99349809-55BA-4b9d-BF79-8FDBB0286EB3}</UniqueIdentifier>
      <Extensions>ui</Extensions>
    </Filter>
    <Filter Include="Resource Files">
      <UniqueIdentifier>{D9D6E242-F8AF-46E4-B9FD-80ECBC20BA3E}</UniqueIdentifier>
      <Extensions>qrc;*</Extensions>
      <ParseFiles>false</ParseFiles>
    </Filter>
    <Filter Include="Generated Files">
      <UniqueIdentifier>{71ED8ED8-ACB9-4CE9-BBE1-E00B30144E11}</UniqueIdentifier>
      <Extensions>moc;h;cpp</Extensions>
      <SourceControlFiles>False</SourceControlFiles>
    </Filter>
    <Filter Include="Generated Files\Debug">
      <UniqueIdentifier>{7f29e168-67b3-4552-b1bf-effd59080b07}</UniqueIdentifier>
      <Extensions>cpp;moc</Extensions>
      <SourceControlFiles>False</SourceControlFiles>
    </Filter>
    <Filter Include="Generated Files\Release">
      <UniqueIdentifier>{83116455-748e-4a0a-8048-1b04ab6df1ad}</UniqueIdentifier>
      <Extensions>cpp;moc</Extensions>
      <SourceControlFiles>False</SourceControlFiles>
    </Filter>
    <Filter Include="Header Files\VTK">
      <UniqueIdentifier>{24876f28-6b43-48f9-a49d-cfa7ed779a43}</UniqueIdentifier>
    </Filter>
    <Filter Include="Source Files\VTK">
      <UniqueIdentifier>{2d60cf5d-1134-44f7-9680-1dea5a569c52}</UniqueIdentifier>
    </Filter>
    <Filter Include="Header Files\Tools">
      <UniqueIdentifier>{0b6ef8e4-4bf2-4db0-ba41-17bea4efd7ea}</UniqueIdentifier>
    </Filter>
    <Filter Include="Header Files\Qt">
      <UniqueIdentifier>{c25a6ee9-a7d9-497a-8a2d-f99ba193611b}</UniqueIdentifier>
    </Filter>
    <Filter Include="Source Files\Qt">
      <UniqueIdentifier>{d01bc0b6-f3dc-4bd2-94c3-38b52aceeb47}</UniqueIdentifier>
    </Filter>
    <Filter Include="Source Files\Tools">
      <UniqueIdentifier>{970a8bfe-3566-422c-a303-cce970ee16b3}</UniqueIdentifier>
    </Filter>
    <Filter Include="Header Files\Calculation">
      <UniqueIdentifier>{71c8275f-a3bf-4ccd-ae6b-b3f1b5ec250c}</UniqueIdentifier>
    </Filter>
    <Filter Include="Source Files\Calculation">
      <UniqueIdentifier>{dec148eb-74fe-4ff9-9116-07050f643e77}</UniqueIdentifier>
    </Filter>
  </ItemGroup>
  <ItemGroup>
    <ClCompile Include="main.cpp">
      <Filter>Source Files</Filter>
    </ClCompile>
    <ClCompile Include="mainwindow.cpp">
      <Filter>Source Files</Filter>
    </ClCompile>
    <ClCompile Include="GeneratedFiles\Debug\moc_mainwindow.cpp">
      <Filter>Generated Files\Debug</Filter>
    </ClCompile>
    <ClCompile Include="GeneratedFiles\Release\moc_mainwindow.cpp">
      <Filter>Generated Files\Release</Filter>
    </ClCompile>
    <ClCompile Include="GeneratedFiles\qrc_mainwindow.cpp">
      <Filter>Generated Files</Filter>
    </ClCompile>
    <ClCompile Include="VTK\src\Surface.cpp">
      <Filter>Source Files\VTK</Filter>
    </ClCompile>
    <ClCompile Include="VTK\src\Paraboloid.cpp">
      <Filter>Source Files\VTK</Filter>
    </ClCompile>
    <ClCompile Include="GeneratedFiles\Debug\moc_ParaboloidWidget.cpp">
      <Filter>Generated Files\Debug</Filter>
    </ClCompile>
    <ClCompile Include="GeneratedFiles\Release\moc_ParaboloidWidget.cpp">
      <Filter>Generated Files\Release</Filter>
    </ClCompile>
    <ClCompile Include="Qt\src\ParaboloidWidget.cpp">
      <Filter>Source Files\Qt</Filter>
    </ClCompile>
    <ClCompile Include="GeneratedFiles\Debug\moc_GraphTransWidget.cpp">
      <Filter>Generated Files\Debug</Filter>
    </ClCompile>
    <ClCompile Include="GeneratedFiles\Release\moc_GraphTransWidget.cpp">
      <Filter>Generated Files\Release</Filter>
    </ClCompile>
    <ClCompile Include="Qt\src\GraphTransWidget.cpp">
      <Filter>Source Files\Qt</Filter>
    </ClCompile>
    <ClCompile Include="GeneratedFiles\Debug\moc_AddVariableWidget.cpp">
      <Filter>Generated Files\Debug</Filter>
    </ClCompile>
    <ClCompile Include="GeneratedFiles\Release\moc_AddVariableWidget.cpp">
      <Filter>Generated Files\Release</Filter>
    </ClCompile>
    <ClCompile Include="Qt\src\AddVariableWidget.cpp">
      <Filter>Source Files\Qt</Filter>
    </ClCompile>
    <ClCompile Include="Tools\Parameterization.cpp">
      <Filter>Source Files\Tools</Filter>
    </ClCompile>
    <ClCompile Include="GeneratedFiles\Debug\moc_RectangleWidget.cpp">
      <Filter>Generated Files\Debug</Filter>
    </ClCompile>
    <ClCompile Include="GeneratedFiles\Release\moc_RectangleWidget.cpp">
      <Filter>Generated Files\Release</Filter>
    </ClCompile>
    <ClCompile Include="Qt\src\RectangleWidget.cpp">
      <Filter>Source Files\Qt</Filter>
    </ClCompile>
    <ClCompile Include="VTK\src\Rectangle.cpp">
      <Filter>Source Files\VTK</Filter>
    </ClCompile>
    <ClCompile Include="GeneratedFiles\Debug\moc_CylinderWidget.cpp">
      <Filter>Generated Files\Debug</Filter>
    </ClCompile>
    <ClCompile Include="GeneratedFiles\Release\moc_CylinderWidget.cpp">
      <Filter>Generated Files\Release</Filter>
    </ClCompile>
    <ClCompile Include="Qt\src\CylinderWidget.cpp">
      <Filter>Source Files\Qt</Filter>
    </ClCompile>
    <ClCompile Include="VTK\src\Cylinder.cpp">
      <Filter>Source Files\VTK</Filter>
    </ClCompile>
    <ClCompile Include="GeneratedFiles\Debug\moc_SphereWidget.cpp">
      <Filter>Generated Files\Debug</Filter>
    </ClCompile>
    <ClCompile Include="GeneratedFiles\Release\moc_SphereWidget.cpp">
      <Filter>Generated Files\Release</Filter>
    </ClCompile>
    <ClCompile Include="Qt\src\SphereWidget.cpp">
      <Filter>Source Files\Qt</Filter>
    </ClCompile>
    <ClCompile Include="VTK\src\Sphere.cpp">
      <Filter>Source Files\VTK</Filter>
    </ClCompile>
    <ClCompile Include="GeneratedFiles\Debug\moc_BooleanWidget.cpp">
      <Filter>Generated Files\Debug</Filter>
    </ClCompile>
    <ClCompile Include="GeneratedFiles\Release\moc_BooleanWidget.cpp">
      <Filter>Generated Files\Release</Filter>
    </ClCompile>
    <ClCompile Include="Qt\src\BooleanWidget.cpp">
      <Filter>Source Files\Qt</Filter>
    </ClCompile>
    <ClCompile Include="VTK\src\Boolean.cpp">
      <Filter>Source Files\VTK</Filter>
    </ClCompile>
    <ClCompile Include="Calculation\src\Calculation.cpp">
      <Filter>Source Files\Calculation</Filter>
    </ClCompile>
    <ClCompile Include="Calculation\src\FFT.cpp">
      <Filter>Source Files\Calculation</Filter>
    </ClCompile>
    <ClCompile Include="Calculation\src\Matrix4D.cpp">
      <Filter>Source Files\Calculation</Filter>
    </ClCompile>
    <ClCompile Include="Calculation\src\Position3D.cpp">
      <Filter>Source Files\Calculation</Filter>
    </ClCompile>
    <ClCompile Include="Calculation\src\RayTrace.cpp">
      <Filter>Source Files\Calculation</Filter>
    </ClCompile>
    <ClCompile Include="Calculation\src\Vector3D.cpp">
      <Filter>Source Files\Calculation</Filter>
    </ClCompile>
    <ClCompile Include="VTK\src\STLInput.cpp">
      <Filter>Source Files\VTK</Filter>
    </ClCompile>
    <ClCompile Include="GeneratedFiles\Debug\moc_stlInputWidget.cpp">
      <Filter>Generated Files\Debug</Filter>
    </ClCompile>
    <ClCompile Include="GeneratedFiles\Release\moc_stlInputWidget.cpp">
      <Filter>Generated Files\Release</Filter>
    </ClCompile>
    <ClCompile Include="Qt\src\stlInputWidget.cpp">
      <Filter>Source Files\Qt</Filter>
    </ClCompile>
    <ClCompile Include="VTK\src\RaySource.cpp">
      <Filter>Source Files\VTK</Filter>
    </ClCompile>
    <ClCompile Include="GeneratedFiles\Debug\moc_LightSourceWidget.cpp">
      <Filter>Generated Files\Debug</Filter>
    </ClCompile>
    <ClCompile Include="GeneratedFiles\Release\moc_LightSourceWidget.cpp">
      <Filter>Generated Files\Release</Filter>
    </ClCompile>
    <ClCompile Include="Qt\src\LightSourceWidget.cpp">
      <Filter>Source Files\Qt</Filter>
    </ClCompile>
    <ClCompile Include="VTK\src\ReverseCone.cpp">
      <Filter>Source Files\VTK</Filter>
    </ClCompile>
    <ClCompile Include="Tools\VaribleBase.cpp">
      <Filter>Source Files</Filter>
    </ClCompile>
    <ClCompile Include="VTK\src\Field.cpp">
      <Filter>Source Files\VTK</Filter>
    </ClCompile>
    <ClCompile Include="GeneratedFiles\Debug\moc_GaussianWidget.cpp">
      <Filter>Generated Files\Debug</Filter>
    </ClCompile>
    <ClCompile Include="GeneratedFiles\Release\moc_GaussianWidget.cpp">
      <Filter>Generated Files\Release</Filter>
    </ClCompile>
    <ClCompile Include="Qt\src\GaussianWidget.cpp">
      <Filter>Source Files\Qt</Filter>
    </ClCompile>
    <ClCompile Include="VTK\src\Gaussain.cpp">
      <Filter>Source Files\VTK</Filter>
    </ClCompile>
    <ClCompile Include="GeneratedFiles\Debug\moc_ApertureFieldWidget.cpp">
      <Filter>Generated Files\Debug</Filter>
    </ClCompile>
    <ClCompile Include="GeneratedFiles\Release\moc_ApertureFieldWidget.cpp">
      <Filter>Generated Files\Release</Filter>
    </ClCompile>
    <ClCompile Include="Qt\src\ApertureFieldWidget.cpp">
      <Filter>Source Files\Qt</Filter>
    </ClCompile>
    <ClCompile Include="VTK\src\ApertureField.cpp">
      <Filter>Source Files\VTK</Filter>
    </ClCompile>
    <ClCompile Include="GeneratedFiles\Debug\moc_CalculationWidget.cpp">
      <Filter>Generated Files\Debug</Filter>
    </ClCompile>
    <ClCompile Include="GeneratedFiles\Release\moc_CalculationWidget.cpp">
      <Filter>Generated Files\Release</Filter>
    </ClCompile>
    <ClCompile Include="Qt\src\CalculationWidget.cpp">
      <Filter>Source Files\Qt</Filter>
    </ClCompile>
    <ClCompile Include="Calculation\src\PVVA.cpp">
      <Filter>Source Files\Calculation</Filter>
    </ClCompile>
    <ClCompile Include="Qt\src\CalculateThread.cpp">
      <Filter>Source Files\Qt</Filter>
    </ClCompile>
    <ClCompile Include="GeneratedFiles\Debug\moc_CalculateThread.cpp">
      <Filter>Generated Files\Debug</Filter>
    </ClCompile>
    <ClCompile Include="GeneratedFiles\Release\moc_CalculateThread.cpp">
      <Filter>Generated Files\Release</Filter>
    </ClCompile>
  </ItemGroup>
  <ItemGroup>
    <CustomBuild Include="mainwindow.h">
      <Filter>Header Files</Filter>
    </CustomBuild>
    <CustomBuild Include="mainwindow.ui">
      <Filter>Form Files</Filter>
    </CustomBuild>
    <CustomBuild Include="mainwindow.qrc">
      <Filter>Resource Files</Filter>
    </CustomBuild>
    <CustomBuild Include="Qt\include\ParaboloidWidget.h">
      <Filter>Header Files\Qt</Filter>
    </CustomBuild>
    <CustomBuild Include="Qt\include\GraphTransWidget.h">
      <Filter>Header Files\Qt</Filter>
    </CustomBuild>
    <CustomBuild Include="Qt\include\AddVariableWidget.h">
      <Filter>Header Files\Qt</Filter>
    </CustomBuild>
    <CustomBuild Include="Qt\include\RectangleWidget.h">
      <Filter>Header Files\Qt</Filter>
    </CustomBuild>
    <CustomBuild Include="Qt\include\CylinderWidget.h">
      <Filter>Header Files\Qt</Filter>
    </CustomBuild>
    <CustomBuild Include="Qt\include\SphereWidget.h">
      <Filter>Header Files\Qt</Filter>
    </CustomBuild>
    <CustomBuild Include="Qt\include\BooleanWidget.h">
      <Filter>Header Files\Qt</Filter>
    </CustomBuild>
    <CustomBuild Include="Qt\include\stlInputWidget.h">
      <Filter>Header Files\Qt</Filter>
    </CustomBuild>
    <CustomBuild Include="Qt\include\LightSourceWidget.h">
      <Filter>Header Files\Qt</Filter>
    </CustomBuild>
    <CustomBuild Include="Qt\include\GaussianWidget.h">
      <Filter>Header Files\Qt</Filter>
    </CustomBuild>
    <CustomBuild Include="Qt\include\ApertureFieldWidget.h">
      <Filter>Header Files\Qt</Filter>
    </CustomBuild>
    <CustomBuild Include="Qt\include\CalculationWidget.h">
      <Filter>Header Files\Qt</Filter>
    </CustomBuild>
    <CustomBuild Include="Qt\include\CalculateThread.h">
      <Filter>Header Files\Qt</Filter>
    </CustomBuild>
  </ItemGroup>
  <ItemGroup>
    <ClInclude Include="GeneratedFiles\ui_mainwindow.h">
      <Filter>Generated Files</Filter>
    </ClInclude>
    <ClInclude Include="Tools\Constant_Var.h">
      <Filter>Header Files\Tools</Filter>
    </ClInclude>
    <ClInclude Include="Tools\GEMS_Memory.h">
      <Filter>Header Files\Tools</Filter>
    </ClInclude>
    <ClInclude Include="Tools\GraphTrans.h">
      <Filter>Header Files\Tools</Filter>
    </ClInclude>
    <ClInclude Include="Tools\Vector2.h">
      <Filter>Header Files\Tools</Filter>
    </ClInclude>
    <ClInclude Include="Tools\Vector3.h">
      <Filter>Header Files\Tools</Filter>
    </ClInclude>
    <ClInclude Include="Tools\ModelID.h">
      <Filter>Header Files\Tools</Filter>
    </ClInclude>
    <ClInclude Include="Tools\Parameterization.h">
      <Filter>Header Files\Tools</Filter>
    </ClInclude>
    <ClInclude Include="VTK\include\Paraboloid.h">
      <Filter>Header Files\VTK</Filter>
    </ClInclude>
    <ClInclude Include="VTK\include\Surface.h">
      <Filter>Header Files\VTK</Filter>
    </ClInclude>
    <ClInclude Include="VTK\include\Rectangle.h">
      <Filter>Header Files\VTK</Filter>
    </ClInclude>
    <ClInclude Include="VTK\include\Cylinder.h">
      <Filter>Header Files\VTK</Filter>
    </ClInclude>
    <ClInclude Include="VTK\include\Sphere.h">
      <Filter>Header Files\VTK</Filter>
    </ClInclude>
    <ClInclude Include="VTK\include\Boolean.h">
      <Filter>Header Files\VTK</Filter>
    </ClInclude>
    <ClInclude Include="Calculation\include\Calculation.h">
      <Filter>Header Files\Calculation</Filter>
    </ClInclude>
    <ClInclude Include="Calculation\include\FFT.h">
      <Filter>Header Files\Calculation</Filter>
    </ClInclude>
    <ClInclude Include="Calculation\include\fftw3.h">
      <Filter>Header Files\Calculation</Filter>
    </ClInclude>
    <ClInclude Include="Calculation\include\Matrix4D.h">
      <Filter>Header Files\Calculation</Filter>
    </ClInclude>
    <ClInclude Include="Calculation\include\Position3D.h">
      <Filter>Header Files\Calculation</Filter>
    </ClInclude>
    <ClInclude Include="Calculation\include\RayTrace.h">
      <Filter>Header Files\Calculation</Filter>
    </ClInclude>
    <ClInclude Include="Calculation\include\Vector3D.h">
      <Filter>Header Files\Calculation</Filter>
    </ClInclude>
    <ClInclude Include="VTK\include\STLInput.h">
      <Filter>Header Files\VTK</Filter>
    </ClInclude>
    <ClInclude Include="VTK\include\RaySource.h">
      <Filter>Header Files\VTK</Filter>
    </ClInclude>
    <ClInclude Include="VTK\include\ReverseCone.h">
      <Filter>Header Files\VTK</Filter>
    </ClInclude>
    <ClInclude Include="Tools\VaribleBase.h">
      <Filter>Header Files\Tools</Filter>
    </ClInclude>
    <ClInclude Include="VTK\include\Field.h">
      <Filter>Header Files\VTK</Filter>
    </ClInclude>
    <ClInclude Include="VTK\include\Gaussain.h">
      <Filter>Header Files\VTK</Filter>
    </ClInclude>
    <ClInclude Include="VTK\include\ApertureField.h">
      <Filter>Header Files\VTK</Filter>
    </ClInclude>
    <ClInclude Include="Calculation\include\PVVA.h">
      <Filter>Header Files\Calculation</Filter>
    </ClInclude>
  </ItemGroup>
</Project>